
Microsoft Visual Studio Solution File, Format Version 12.00
# Visual Studio 15
Project("{FAE04EC0-301F-11D3-BF4B-00C04F79EFBC}") = "Assembly-CSharp", "Assembly-CSharp.csproj", "{82143BCA-3F29-65C7-D2FD-6ABA84885128}"
EndProject
Project("{FAE04EC0-301F-11D3-BF4B-00C04F79EFBC}") = "Assembly-CSharp-Editor", "Assembly-CSharp-Editor.csproj", "{ADBF384B-ED15-F05B-7C2C-C71F9A25834F}"
EndProject
Global
	GlobalSection(SolutionConfigurationPlatforms) = preSolution
		Debug|Any CPU = Debug|Any CPU
		Release|Any CPU = Release|Any CPU
	EndGlobalSection
	GlobalSection(ProjectConfigurationPlatforms) = postSolution
		{82143BCA-3F29-65C7-D2FD-6ABA84885128}.Debug|Any CPU.ActiveCfg = Debug|Any CPU
		{82143BCA-3F29-65C7-D2FD-6ABA84885128}.Debug|Any CPU.Build.0 = Debug|Any CPU
		{82143BCA-3F29-65C7-D2FD-6ABA84885128}.Release|Any CPU.ActiveCfg = Release|Any CPU
		{82143BCA-3F29-65C7-D2FD-6ABA84885128}.Release|Any CPU.Build.0 = Release|Any CPU
		{ADBF384B-ED15-F05B-7C2C-C71F9A25834F}.Debug|Any CPU.ActiveCfg = Debug|Any CPU
		{ADBF384B-ED15-F05B-7C2C-C71F9A25834F}.Debug|Any CPU.Build.0 = Debug|Any CPU
		{ADBF384B-ED15-F05B-7C2C-C71F9A25834F}.Release|Any CPU.ActiveCfg = Release|Any CPU
		{ADBF384B-ED15-F05B-7C2C-C71F9A25834F}.Release|Any CPU.Build.0 = Release|Any CPU
	EndGlobalSection
	GlobalSection(SolutionProperties) = preSolution
		HideSolutionNode = FALSE
	EndGlobalSection
EndGlobal
